# This file is automatically @generated by Cargo.
# It is not intended for manual editing.
version = 3

[[package]]
name = "aligned_ptr"
version = "0.1.0"
source = "registry+https://github.com/rust-lang/crates.io-index"
checksum = "5fc5e98d2fade1025ad475e78dbcfd7db6e997f21c6cac8e20e1b530cbac031b"

[[package]]
name = "learn_rust"
version = "0.1.0"
dependencies = [
 "aligned_ptr",
]
